
Microsoft Visual Studio Solution File, Format Version 12.00
# Visual Studio 15
VisualStudioVersion = 15.0.28307.168
MinimumVisualStudioVersion = 10.0.40219.1
Project("{FAE04EC0-301F-11D3-BF4B-00C04F79EFBC}") = "LOLFreeView", "LOLFreeView\LOLFreeView.csproj", "{FB679EEE-1AD2-40BB-84D6-B6495A0B3A19}"
EndProject
Global
	GlobalSection(SolutionConfigurationPlatforms) = preSolution
		Debug|Any CPU = Debug|Any CPU
		Release|Any CPU = Release|Any CPU
	EndGlobalSection
	GlobalSection(ProjectConfigurationPlatforms) = postSolution
		{FB679EEE-1AD2-40BB-84D6-B6495A0B3A19}.Debug|Any CPU.ActiveCfg = Debug|Any CPU
		{FB679EEE-1AD2-40BB-84D6-B6495A0B3A19}.Debug|Any CPU.Build.0 = Debug|Any CPU
		{FB679EEE-1AD2-40BB-84D6-B6495A0B3A19}.Release|Any CPU.ActiveCfg = Release|Any CPU
		{FB679EEE-1AD2-40BB-84D6-B6495A0B3A19}.Release|Any CPU.Build.0 = Release|Any CPU
	EndGlobalSection
	GlobalSection(SolutionProperties) = preSolution
		HideSolutionNode = FALSE
	EndGlobalSection
	GlobalSection(ExtensibilityGlobals) = postSolution
		SolutionGuid = {56DEC92C-2DD4-43DE-904F-BF578FAA56E3}
	EndGlobalSection
EndGlobal
